
Microsoft Visual Studio Solution File, Format Version 12.00
# Visual Studio Version 17
VisualStudioVersion = 17.4.33213.308
MinimumVisualStudioVersion = 10.0.40219.1
Project("{FAE04EC0-301F-11D3-BF4B-00C04F79EFBC}") = "WebApplication_G_E", "WebApplication_G_E.csproj", "{6BCE8267-6F0D-486C-AB95-310F2A83BC15}"
EndProject
Global
	GlobalSection(SolutionConfigurationPlatforms) = preSolution
		Debug|Any CPU = Debug|Any CPU
		Release|Any CPU = Release|Any CPU
	EndGlobalSection
	GlobalSection(ProjectConfigurationPlatforms) = postSolution
		{6BCE8267-6F0D-486C-AB95-310F2A83BC15}.Debug|Any CPU.ActiveCfg = Debug|Any CPU
		{6BCE8267-6F0D-486C-AB95-310F2A83BC15}.Debug|Any CPU.Build.0 = Debug|Any CPU
		{6BCE8267-6F0D-486C-AB95-310F2A83BC15}.Release|Any CPU.ActiveCfg = Release|Any CPU
		{6BCE8267-6F0D-486C-AB95-310F2A83BC15}.Release|Any CPU.Build.0 = Release|Any CPU
	EndGlobalSection
	GlobalSection(SolutionProperties) = preSolution
		HideSolutionNode = FALSE
	EndGlobalSection
	GlobalSection(ExtensibilityGlobals) = postSolution
		SolutionGuid = {047BB81D-C449-4885-9E65-5942E767D26C}
	EndGlobalSection
EndGlobal
